
Microsoft Visual Studio Solution File, Format Version 12.00
# Visual Studio 15
VisualStudioVersion = 15.0.27428.2043
MinimumVisualStudioVersion = 10.0.40219.1
Project("{FAE04EC0-301F-11D3-BF4B-00C04F79EFBC}") = "SolidLiquid", "SolidLiquid\SolidLiquid.csproj", "{652F6747-DB35-4508-A771-57CF25BCBD1D}"
EndProject
Global
	GlobalSection(SolutionConfigurationPlatforms) = preSolution
		Debug|Any CPU = Debug|Any CPU
		Release|Any CPU = Release|Any CPU
	EndGlobalSection
	GlobalSection(ProjectConfigurationPlatforms) = postSolution
		{652F6747-DB35-4508-A771-57CF25BCBD1D}.Debug|Any CPU.ActiveCfg = Debug|Any CPU
		{652F6747-DB35-4508-A771-57CF25BCBD1D}.Debug|Any CPU.Build.0 = Debug|Any CPU
		{652F6747-DB35-4508-A771-57CF25BCBD1D}.Release|Any CPU.ActiveCfg = Release|Any CPU
		{652F6747-DB35-4508-A771-57CF25BCBD1D}.Release|Any CPU.Build.0 = Release|Any CPU
	EndGlobalSection
	GlobalSection(SolutionProperties) = preSolution
		HideSolutionNode = FALSE
	EndGlobalSection
	GlobalSection(ExtensibilityGlobals) = postSolution
		SolutionGuid = {4D268EB1-A2CA-4948-961A-E0D77B8A2596}
	EndGlobalSection
EndGlobal
